{
    "_meta": {
        "hash": {
            "sha256": "c7a5c735216af7e986c4a27e385b5d7653024c8e9cfe9c2fe8e4bab18872d39f"
        },
        "pipfile-spec": 6,
        "requires": {
            "python_version": "3.6"
        },
        "sources": [
            {
                "name": "pypi",
                "url": "https://pypi.python.org/simple",
                "verify_ssl": true
            }
        ]
    },
    "default": {
        "django": {
            "hashes": [
                "sha256:3d9916515599f757043c690ae2b5ea28666afa09779636351da505396cbb2f19",
                "sha256:769f212ffd5762f72c764fa648fca3b7f7dd4ec27407198b68e7c4abf4609fd0"
            ],
            "version": "==2.0.3"
        },
        "django-money": {
            "hashes": [
                "sha256:099bc28ebc2dc6a550b57376d54eea624f4145c72918a96fd75d93f7b9a08143",
                "sha256:2614ebaad93487d20e21306ac17fe518e13db4e91b175a6a2dbe7342f4bba1af"
            ],
            "version": "==0.12.3"
        },
        "py-moneyed": {
            "hashes": [
                "sha256:0c5dc04f77f1e0a123df051cc6ddc79267a48c612cb2d3dcfe7eb88cfc395bf9",
                "sha256:f8c04183fd65d307a4b59f4a68332d3b9418d668b2a36cedd531f9cd1eb98933"
            ],
            "version": "==0.7.0"
        },
        "pytz": {
            "hashes": [
                "sha256:07edfc3d4d2705a20a6e99d97f0c4b61c800b8232dc1c04d87e8554f130148dd",
                "sha256:410bcd1d6409026fbaa65d9ed33bf6dd8b1e94a499e32168acfc7b332e4095c0"
            ],
            "version": "==2018.3"
        }
    },
    "develop": {}
}
